// !$*UTF8*$!
{
	archiveVersion = 1;
	classes = {
	};
	objectVersion = 54;
	objects = {

/* Begin PBXBuildFile section */
		00E356F31AD99517003FC87E /* CryotosTests.m in Sources */ = {isa = PBXBuildFile; fileRef = 00E356F21AD99517003FC87E /* CryotosTests.m */; };
		0C80B921A6F3F58F76C31292 /* libPods-Cryotos.a in Frameworks */ = {isa = PBXBuildFile; fileRef = 5DCACB8F33CDC322A6C60F78 /* libPods-Cryotos.a */; };
		13B07FBC1A68108700A75B9A /* AppDelegate.mm in Sources */ = {isa = PBXBuildFile; fileRef = 13B07FB01A68108700A75B9A /* AppDelegate.mm */; };
		13B07FBF1A68108700A75B9A /* Images.xcassets in Resources */ = {isa = PBXBuildFile; fileRef = 13B07FB51A68108700A75B9A /* Images.xcassets */; };
		13B07FC11A68108700A75B9A /* main.m in Sources */ = {isa = PBXBuildFile; fileRef = 13B07FB71A68108700A75B9A /* main.m */; };
		7699B88040F8A987B510C191 /* libPods-Cryotos-CryotosTests.a in Frameworks */ = {isa = PBXBuildFile; fileRef = 19F6CBCC0A4E27FBF8BF4A61 /* libPods-Cryotos-CryotosTests.a */; };
		81AB9BB82411601600AC10FF /* LaunchScreen.storyboard in Resources */ = {isa = PBXBuildFile; fileRef = 81AB9BB72411601600AC10FF /* LaunchScreen.storyboard */; };
		840D0F0D13FD468AA3AC9B79 /* Jost-Black.ttf in Resources */ = {isa = PBXBuildFile; fileRef = 9EEDC46D657542BD8B93635A /* Jost-Black.ttf */; };
		5ED34E5C78BC414BB3DF7E79 /* Jost-Bold.ttf in Resources */ = {isa = PBXBuildFile; fileRef = 05AF9A6E2BE3423E865FDFEE /* Jost-Bold.ttf */; };
		A560A65F9F6946879B38E13D /* Jost-ExtraBold.ttf in Resources */ = {isa = PBXBuildFile; fileRef = 78A3E1920CA843AE8831EB9A /* Jost-ExtraBold.ttf */; };
		4080270722334E4592038D7A /* Jost-ExtraLight.ttf in Resources */ = {isa = PBXBuildFile; fileRef = 8A1BBFBA10F14A3B85CE4241 /* Jost-ExtraLight.ttf */; };
		6D3B9BBC839943339BD274A8 /* Jost-Light.ttf in Resources */ = {isa = PBXBuildFile; fileRef = 6A17C3CAAE49403F9A4D94F0 /* Jost-Light.ttf */; };
		E95597186FAA4D91BA580679 /* Jost-Medium.ttf in Resources */ = {isa = PBXBuildFile; fileRef = 4FF23CBCDE8F4022AB8D29D7 /* Jost-Medium.ttf */; };
		F6B9E26AAEC245F8996A8373 /* Jost-Regular.ttf in Resources */ = {isa = PBXBuildFile; fileRef = EB4D70E5685E48B6AE96D895 /* Jost-Regular.ttf */; };
		D4C01EF861484E21A670F693 /* Jost-SemiBold.ttf in Resources */ = {isa = PBXBuildFile; fileRef = 41197EB493764A0A87D285E9 /* Jost-SemiBold.ttf */; };
		B7269C57382B41E3AF777BAF /* Jost-Thin.ttf in Resources */ = {isa = PBXBuildFile; fileRef = F4F39B9EBD2E4756921E1035 /* Jost-Thin.ttf */; };
		CDF138B40BD74E4BBC0A7736 /* account_background.png in Resources */ = {isa = PBXBuildFile; fileRef = 65F9C47682B84F0CAB6D7CC7 /* account_background.png */; };
		6B39E42894A540439E2C3E9E /* back_arrow.png in Resources */ = {isa = PBXBuildFile; fileRef = 54D3C70EB28444ABB582B9EF /* back_arrow.png */; };
		846BDA2FD91D42B4AF3B4ACF /* back_one.png in Resources */ = {isa = PBXBuildFile; fileRef = 38529D850F344E4ABEB5547B /* back_one.png */; };
		E8EFAB984E714053A910D631 /* bitcoin.png in Resources */ = {isa = PBXBuildFile; fileRef = 6751C9AA17B14AFF972AB923 /* bitcoin.png */; };
		3EE40FA604934DF4ADD5F4AD /* bitcoin_image.jpg in Resources */ = {isa = PBXBuildFile; fileRef = 8FC9386721D3450F846DCF5C /* bitcoin_image.jpg */; };
		2260B39B6559412B8B7E8C6E /* chart.png in Resources */ = {isa = PBXBuildFile; fileRef = BF3892503672468086697A60 /* chart.png */; };
		B181C31EC9314934BB0DED04 /* circle.png in Resources */ = {isa = PBXBuildFile; fileRef = B63B405BF3494BEC9AD66844 /* circle.png */; };
		8629FB244140408D830048C1 /* circle_org.png in Resources */ = {isa = PBXBuildFile; fileRef = A9E6EC7D4D8644EB9820764C /* circle_org.png */; };
		35E8A95F16F9400A995555C5 /* google.png in Resources */ = {isa = PBXBuildFile; fileRef = 7B3B2CE2CD8347949FD977A9 /* google.png */; };
		055F731D15DA4624A2EB33B1 /* home.png in Resources */ = {isa = PBXBuildFile; fileRef = 1DAE404E1C8D4B24AB329D5D /* home.png */; };
		8BE8188DD15E4770882C05B2 /* logo.png in Resources */ = {isa = PBXBuildFile; fileRef = F379C2C9AD8C4713A1B6BE64 /* logo.png */; };
		C729F9EAADF3416EB7901E3D /* menu.png in Resources */ = {isa = PBXBuildFile; fileRef = FDEAB86A6D1643BF9FC084A4 /* menu.png */; };
		0DC20F12FE534699BF1D4BFC /* menu_white.png in Resources */ = {isa = PBXBuildFile; fileRef = 09D0AADDFF7F49E4A1ADD5F7 /* menu_white.png */; };
		44F1896F0B3E4A5E934B467F /* notification.png in Resources */ = {isa = PBXBuildFile; fileRef = 5D5825A5C2F44C56B480A62C /* notification.png */; };
		EED59A7DE8664CB9BD742C5C /* notification_white.png in Resources */ = {isa = PBXBuildFile; fileRef = 9C861A53342E47A0B7623E2C /* notification_white.png */; };
		D8CF1A498D0F45899A3B9847 /* notification_white50.png in Resources */ = {isa = PBXBuildFile; fileRef = 6799F4D6998C4DD6A7019108 /* notification_white50.png */; };
		E45E7C7F757C4E7886AEB5F7 /* o_one.png in Resources */ = {isa = PBXBuildFile; fileRef = D0A402A29AF04417927962D5 /* o_one.png */; };
		02FA71A9A0EE4D3995631B0C /* o_three.png in Resources */ = {isa = PBXBuildFile; fileRef = DCEA73B343C04125BFF1F5BC /* o_three.png */; };
		EC5475F9C7A34F97A5AC2A01 /* o_two.png in Resources */ = {isa = PBXBuildFile; fileRef = 9705628D4E50458BB3E6BD4F /* o_two.png */; };
		9F516CFDB8E548BB9E458DC9 /* onboarding.png in Resources */ = {isa = PBXBuildFile; fileRef = E8E8F726797F47A08ED2D287 /* onboarding.png */; };
		A79FF7DCA3D44677BD2D23C3 /* person.jpeg in Resources */ = {isa = PBXBuildFile; fileRef = 365B8983E046459C95F50727 /* person.jpeg */; };
		D44BF0BF525B419483A218D3 /* profile.png in Resources */ = {isa = PBXBuildFile; fileRef = 60DCE23199E041B2B6F33785 /* profile.png */; };
		BBF2CEE4228240BEAE006381 /* round_bg.png in Resources */ = {isa = PBXBuildFile; fileRef = 54C31D6521B54CF187FD439A /* round_bg.png */; };
		B3D1BCD189724AF8863B54FC /* search.png in Resources */ = {isa = PBXBuildFile; fileRef = 54AAAA7737B74C9BABDF29B1 /* search.png */; };
		47F3FF63B8A6487A97A7F925 /* search_white.png in Resources */ = {isa = PBXBuildFile; fileRef = B766774090814BDC87755F5A /* search_white.png */; };
		02DAEC0A24D74C58ABC6855B /* shield.png in Resources */ = {isa = PBXBuildFile; fileRef = BA42D70E53E14F75A92849EA /* shield.png */; };
		487D231AD84C414DA0192A79 /* splashscreen.png in Resources */ = {isa = PBXBuildFile; fileRef = B2C62B62CDCF4B17867FBA02 /* splashscreen.png */; };
		F731AE22897A492181FB4B2C /* successfully-done.json in Resources */ = {isa = PBXBuildFile; fileRef = 7326496D12CB4819A0222AB2 /* successfully-done.json */; };
		9F5BA154976A419EA2E2D481 /* user_placeholder.png in Resources */ = {isa = PBXBuildFile; fileRef = E4E9CD33FCA1404CA9D6B1E9 /* user_placeholder.png */; };
		244C1A1769624B3D80077D10 /* wallet.png in Resources */ = {isa = PBXBuildFile; fileRef = A3A2B5569A5242618759DC80 /* wallet.png */; };
		5BE32A80DE304A4D842D1F2E /* wallet_nav.png in Resources */ = {isa = PBXBuildFile; fileRef = 3E3EBD5BB739425686DF030F /* wallet_nav.png */; };
		CD7FA99D9E5849A6AE0F62FE /* wallet_two.png in Resources */ = {isa = PBXBuildFile; fileRef = 270942C2892B437DB2002412 /* wallet_two.png */; };
		C5C5DFC5C21647EA9CAD93D4 /* white_ss.png in Resources */ = {isa = PBXBuildFile; fileRef = C1FB89C21C20494E892C6635 /* white_ss.png */; };
		7C25A1AC71AC46C1BE947003 /* forgot_password.png in Resources */ = {isa = PBXBuildFile; fileRef = 2A0AA468CA0449A087EF1919 /* forgot_password.png */; };
		2745F545FE734DC3843CC475 /* add_user.png in Resources */ = {isa = PBXBuildFile; fileRef = A6FBEFC0DA67444487FCD243 /* add_user.png */; };
		A47AFA92D52B426BB9D146DA /* up_down.png in Resources */ = {isa = PBXBuildFile; fileRef = 8506EB16687340B6A5D2E550 /* up_down.png */; };
/* End PBXBuildFile section */

/* Begin PBXContainerItemProxy section */
		00E356F41AD99517003FC87E /* PBXContainerItemProxy */ = {
			isa = PBXContainerItemProxy;
			containerPortal = 83CBB9F71A601CBA00E9B192 /* Project object */;
			proxyType = 1;
			remoteGlobalIDString = 13B07F861A680F5B00A75B9A;
			remoteInfo = Cryotos;
		};
/* End PBXContainerItemProxy section */

/* Begin PBXFileReference section */
		00E356EE1AD99517003FC87E /* CryotosTests.xctest */ = {isa = PBXFileReference; explicitFileType = wrapper.cfbundle; includeInIndex = 0; path = CryotosTests.xctest; sourceTree = BUILT_PRODUCTS_DIR; };
		00E356F11AD99517003FC87E /* Info.plist */ = {isa = PBXFileReference; lastKnownFileType = text.plist.xml; path = Info.plist; sourceTree = "<group>"; };
		00E356F21AD99517003FC87E /* CryotosTests.m */ = {isa = PBXFileReference; lastKnownFileType = sourcecode.c.objc; path = CryotosTests.m; sourceTree = "<group>"; };
		13B07F961A680F5B00A75B9A /* Cryotos.app */ = {isa = PBXFileReference; explicitFileType = wrapper.application; includeInIndex = 0; path = Cryotos.app; sourceTree = BUILT_PRODUCTS_DIR; };
		13B07FAF1A68108700A75B9A /* AppDelegate.h */ = {isa = PBXFileReference; fileEncoding = 4; lastKnownFileType = sourcecode.c.h; name = AppDelegate.h; path = Cryotos/AppDelegate.h; sourceTree = "<group>"; };
		13B07FB01A68108700A75B9A /* AppDelegate.mm */ = {isa = PBXFileReference; fileEncoding = 4; lastKnownFileType = sourcecode.cpp.objcpp; name = AppDelegate.mm; path = Cryotos/AppDelegate.mm; sourceTree = "<group>"; };
		13B07FB51A68108700A75B9A /* Images.xcassets */ = {isa = PBXFileReference; lastKnownFileType = folder.assetcatalog; name = Images.xcassets; path = Cryotos/Images.xcassets; sourceTree = "<group>"; };
		13B07FB61A68108700A75B9A /* Info.plist */ = {isa = PBXFileReference; fileEncoding = 4; lastKnownFileType = text.plist.xml; name = Info.plist; path = Cryotos/Info.plist; sourceTree = "<group>"; };
		13B07FB71A68108700A75B9A /* main.m */ = {isa = PBXFileReference; fileEncoding = 4; lastKnownFileType = sourcecode.c.objc; name = main.m; path = Cryotos/main.m; sourceTree = "<group>"; };
		19F6CBCC0A4E27FBF8BF4A61 /* libPods-Cryotos-CryotosTests.a */ = {isa = PBXFileReference; explicitFileType = archive.ar; includeInIndex = 0; path = "libPods-Cryotos-CryotosTests.a"; sourceTree = BUILT_PRODUCTS_DIR; };
		3B4392A12AC88292D35C810B /* Pods-Cryotos.debug.xcconfig */ = {isa = PBXFileReference; includeInIndex = 1; lastKnownFileType = text.xcconfig; name = "Pods-Cryotos.debug.xcconfig"; path = "Target Support Files/Pods-Cryotos/Pods-Cryotos.debug.xcconfig"; sourceTree = "<group>"; };
		5709B34CF0A7D63546082F79 /* Pods-Cryotos.release.xcconfig */ = {isa = PBXFileReference; includeInIndex = 1; lastKnownFileType = text.xcconfig; name = "Pods-Cryotos.release.xcconfig"; path = "Target Support Files/Pods-Cryotos/Pods-Cryotos.release.xcconfig"; sourceTree = "<group>"; };
		5B7EB9410499542E8C5724F5 /* Pods-Cryotos-CryotosTests.debug.xcconfig */ = {isa = PBXFileReference; includeInIndex = 1; lastKnownFileType = text.xcconfig; name = "Pods-Cryotos-CryotosTests.debug.xcconfig"; path = "Target Support Files/Pods-Cryotos-CryotosTests/Pods-Cryotos-CryotosTests.debug.xcconfig"; sourceTree = "<group>"; };
		5DCACB8F33CDC322A6C60F78 /* libPods-Cryotos.a */ = {isa = PBXFileReference; explicitFileType = archive.ar; includeInIndex = 0; path = "libPods-Cryotos.a"; sourceTree = BUILT_PRODUCTS_DIR; };
		81AB9BB72411601600AC10FF /* LaunchScreen.storyboard */ = {isa = PBXFileReference; fileEncoding = 4; lastKnownFileType = file.storyboard; name = LaunchScreen.storyboard; path = Cryotos/LaunchScreen.storyboard; sourceTree = "<group>"; };
		89C6BE57DB24E9ADA2F236DE /* Pods-Cryotos-CryotosTests.release.xcconfig */ = {isa = PBXFileReference; includeInIndex = 1; lastKnownFileType = text.xcconfig; name = "Pods-Cryotos-CryotosTests.release.xcconfig"; path = "Target Support Files/Pods-Cryotos-CryotosTests/Pods-Cryotos-CryotosTests.release.xcconfig"; sourceTree = "<group>"; };
		ED297162215061F000B7C4FE /* JavaScriptCore.framework */ = {isa = PBXFileReference; lastKnownFileType = wrapper.framework; name = JavaScriptCore.framework; path = System/Library/Frameworks/JavaScriptCore.framework; sourceTree = SDKROOT; };
		9EEDC46D657542BD8B93635A /* Jost-Black.ttf */ = {isa = PBXFileReference; name = "Jost-Black.ttf"; path = "../assets/fonts/Jost-Black.ttf"; sourceTree = "<group>"; fileEncoding = undefined; lastKnownFileType = unknown; explicitFileType = undefined; includeInIndex = 0; };
		05AF9A6E2BE3423E865FDFEE /* Jost-Bold.ttf */ = {isa = PBXFileReference; name = "Jost-Bold.ttf"; path = "../assets/fonts/Jost-Bold.ttf"; sourceTree = "<group>"; fileEncoding = undefined; lastKnownFileType = unknown; explicitFileType = undefined; includeInIndex = 0; };
		78A3E1920CA843AE8831EB9A /* Jost-ExtraBold.ttf */ = {isa = PBXFileReference; name = "Jost-ExtraBold.ttf"; path = "../assets/fonts/Jost-ExtraBold.ttf"; sourceTree = "<group>"; fileEncoding = undefined; lastKnownFileType = unknown; explicitFileType = undefined; includeInIndex = 0; };
		8A1BBFBA10F14A3B85CE4241 /* Jost-ExtraLight.ttf */ = {isa = PBXFileReference; name = "Jost-ExtraLight.ttf"; path = "../assets/fonts/Jost-ExtraLight.ttf"; sourceTree = "<group>"; fileEncoding = undefined; lastKnownFileType = unknown; explicitFileType = undefined; includeInIndex = 0; };
		6A17C3CAAE49403F9A4D94F0 /* Jost-Light.ttf */ = {isa = PBXFileReference; name = "Jost-Light.ttf"; path = "../assets/fonts/Jost-Light.ttf"; sourceTree = "<group>"; fileEncoding = undefined; lastKnownFileType = unknown; explicitFileType = undefined; includeInIndex = 0; };
		4FF23CBCDE8F4022AB8D29D7 /* Jost-Medium.ttf */ = {isa = PBXFileReference; name = "Jost-Medium.ttf"; path = "../assets/fonts/Jost-Medium.ttf"; sourceTree = "<group>"; fileEncoding = undefined; lastKnownFileType = unknown; explicitFileType = undefined; includeInIndex = 0; };
		EB4D70E5685E48B6AE96D895 /* Jost-Regular.ttf */ = {isa = PBXFileReference; name = "Jost-Regular.ttf"; path = "../assets/fonts/Jost-Regular.ttf"; sourceTree = "<group>"; fileEncoding = undefined; lastKnownFileType = unknown; explicitFileType = undefined; includeInIndex = 0; };
		41197EB493764A0A87D285E9 /* Jost-SemiBold.ttf */ = {isa = PBXFileReference; name = "Jost-SemiBold.ttf"; path = "../assets/fonts/Jost-SemiBold.ttf"; sourceTree = "<group>"; fileEncoding = undefined; lastKnownFileType = unknown; explicitFileType = undefined; includeInIndex = 0; };
		F4F39B9EBD2E4756921E1035 /* Jost-Thin.ttf */ = {isa = PBXFileReference; name = "Jost-Thin.ttf"; path = "../assets/fonts/Jost-Thin.ttf"; sourceTree = "<group>"; fileEncoding = undefined; lastKnownFileType = unknown; explicitFileType = undefined; includeInIndex = 0; };
		65F9C47682B84F0CAB6D7CC7 /* account_background.png */ = {isa = PBXFileReference; name = "account_background.png"; path = "../assets/image/account_background.png"; sourceTree = "<group>"; fileEncoding = undefined; lastKnownFileType = unknown; explicitFileType = undefined; includeInIndex = 0; };
		54D3C70EB28444ABB582B9EF /* back_arrow.png */ = {isa = PBXFileReference; name = "back_arrow.png"; path = "../assets/image/back_arrow.png"; sourceTree = "<group>"; fileEncoding = undefined; lastKnownFileType = unknown; explicitFileType = undefined; includeInIndex = 0; };
		38529D850F344E4ABEB5547B /* back_one.png */ = {isa = PBXFileReference; name = "back_one.png"; path = "../assets/image/back_one.png"; sourceTree = "<group>"; fileEncoding = undefined; lastKnownFileType = unknown; explicitFileType = undefined; includeInIndex = 0; };
		6751C9AA17B14AFF972AB923 /* bitcoin.png */ = {isa = PBXFileReference; name = "bitcoin.png"; path = "../assets/image/bitcoin.png"; sourceTree = "<group>"; fileEncoding = undefined; lastKnownFileType = unknown; explicitFileType = undefined; includeInIndex = 0; };
		8FC9386721D3450F846DCF5C /* bitcoin_image.jpg */ = {isa = PBXFileReference; name = "bitcoin_image.jpg"; path = "../assets/image/bitcoin_image.jpg"; sourceTree = "<group>"; fileEncoding = undefined; lastKnownFileType = unknown; explicitFileType = undefined; includeInIndex = 0; };
		BF3892503672468086697A60 /* chart.png */ = {isa = PBXFileReference; name = "chart.png"; path = "../assets/image/chart.png"; sourceTree = "<group>"; fileEncoding = undefined; lastKnownFileType = unknown; explicitFileType = undefined; includeInIndex = 0; };
		B63B405BF3494BEC9AD66844 /* circle.png */ = {isa = PBXFileReference; name = "circle.png"; path = "../assets/image/circle.png"; sourceTree = "<group>"; fileEncoding = undefined; lastKnownFileType = unknown; explicitFileType = undefined; includeInIndex = 0; };
		A9E6EC7D4D8644EB9820764C /* circle_org.png */ = {isa = PBXFileReference; name = "circle_org.png"; path = "../assets/image/circle_org.png"; sourceTree = "<group>"; fileEncoding = undefined; lastKnownFileType = unknown; explicitFileType = undefined; includeInIndex = 0; };
		7B3B2CE2CD8347949FD977A9 /* google.png */ = {isa = PBXFileReference; name = "google.png"; path = "../assets/image/google.png"; sourceTree = "<group>"; fileEncoding = undefined; lastKnownFileType = unknown; explicitFileType = undefined; includeInIndex = 0; };
		1DAE404E1C8D4B24AB329D5D /* home.png */ = {isa = PBXFileReference; name = "home.png"; path = "../assets/image/home.png"; sourceTree = "<group>"; fileEncoding = undefined; lastKnownFileType = unknown; explicitFileType = undefined; includeInIndex = 0; };
		F379C2C9AD8C4713A1B6BE64 /* logo.png */ = {isa = PBXFileReference; name = "logo.png"; path = "../assets/image/logo.png"; sourceTree = "<group>"; fileEncoding = undefined; lastKnownFileType = unknown; explicitFileType = undefined; includeInIndex = 0; };
		FDEAB86A6D1643BF9FC084A4 /* menu.png */ = {isa = PBXFileReference; name = "menu.png"; path = "../assets/image/menu.png"; sourceTree = "<group>"; fileEncoding = undefined; lastKnownFileType = unknown; explicitFileType = undefined; includeInIndex = 0; };
		09D0AADDFF7F49E4A1ADD5F7 /* menu_white.png */ = {isa = PBXFileReference; name = "menu_white.png"; path = "../assets/image/menu_white.png"; sourceTree = "<group>"; fileEncoding = undefined; lastKnownFileType = unknown; explicitFileType = undefined; includeInIndex = 0; };
		5D5825A5C2F44C56B480A62C /* notification.png */ = {isa = PBXFileReference; name = "notification.png"; path = "../assets/image/notification.png"; sourceTree = "<group>"; fileEncoding = undefined; lastKnownFileType = unknown; explicitFileType = undefined; includeInIndex = 0; };
		9C861A53342E47A0B7623E2C /* notification_white.png */ = {isa = PBXFileReference; name = "notification_white.png"; path = "../assets/image/notification_white.png"; sourceTree = "<group>"; fileEncoding = undefined; lastKnownFileType = unknown; explicitFileType = undefined; includeInIndex = 0; };
		6799F4D6998C4DD6A7019108 /* notification_white50.png */ = {isa = PBXFileReference; name = "notification_white50.png"; path = "../assets/image/notification_white50.png"; sourceTree = "<group>"; fileEncoding = undefined; lastKnownFileType = unknown; explicitFileType = undefined; includeInIndex = 0; };
		D0A402A29AF04417927962D5 /* o_one.png */ = {isa = PBXFileReference; name = "o_one.png"; path = "../assets/image/o_one.png"; sourceTree = "<group>"; fileEncoding = undefined; lastKnownFileType = unknown; explicitFileType = undefined; includeInIndex = 0; };
		DCEA73B343C04125BFF1F5BC /* o_three.png */ = {isa = PBXFileReference; name = "o_three.png"; path = "../assets/image/o_three.png"; sourceTree = "<group>"; fileEncoding = undefined; lastKnownFileType = unknown; explicitFileType = undefined; includeInIndex = 0; };
		9705628D4E50458BB3E6BD4F /* o_two.png */ = {isa = PBXFileReference; name = "o_two.png"; path = "../assets/image/o_two.png"; sourceTree = "<group>"; fileEncoding = undefined; lastKnownFileType = unknown; explicitFileType = undefined; includeInIndex = 0; };
		E8E8F726797F47A08ED2D287 /* onboarding.png */ = {isa = PBXFileReference; name = "onboarding.png"; path = "../assets/image/onboarding.png"; sourceTree = "<group>"; fileEncoding = undefined; lastKnownFileType = unknown; explicitFileType = undefined; includeInIndex = 0; };
		365B8983E046459C95F50727 /* person.jpeg */ = {isa = PBXFileReference; name = "person.jpeg"; path = "../assets/image/person.jpeg"; sourceTree = "<group>"; fileEncoding = undefined; lastKnownFileType = unknown; explicitFileType = undefined; includeInIndex = 0; };
		60DCE23199E041B2B6F33785 /* profile.png */ = {isa = PBXFileReference; name = "profile.png"; path = "../assets/image/profile.png"; sourceTree = "<group>"; fileEncoding = undefined; lastKnownFileType = unknown; explicitFileType = undefined; includeInIndex = 0; };
		54C31D6521B54CF187FD439A /* round_bg.png */ = {isa = PBXFileReference; name = "round_bg.png"; path = "../assets/image/round_bg.png"; sourceTree = "<group>"; fileEncoding = undefined; lastKnownFileType = unknown; explicitFileType = undefined; includeInIndex = 0; };
		54AAAA7737B74C9BABDF29B1 /* search.png */ = {isa = PBXFileReference; name = "search.png"; path = "../assets/image/search.png"; sourceTree = "<group>"; fileEncoding = undefined; lastKnownFileType = unknown; explicitFileType = undefined; includeInIndex = 0; };
		B766774090814BDC87755F5A /* search_white.png */ = {isa = PBXFileReference; name = "search_white.png"; path = "../assets/image/search_white.png"; sourceTree = "<group>"; fileEncoding = undefined; lastKnownFileType = unknown; explicitFileType = undefined; includeInIndex = 0; };
		BA42D70E53E14F75A92849EA /* shield.png */ = {isa = PBXFileReference; name = "shield.png"; path = "../assets/image/shield.png"; sourceTree = "<group>"; fileEncoding = undefined; lastKnownFileType = unknown; explicitFileType = undefined; includeInIndex = 0; };
		B2C62B62CDCF4B17867FBA02 /* splashscreen.png */ = {isa = PBXFileReference; name = "splashscreen.png"; path = "../assets/image/splashscreen.png"; sourceTree = "<group>"; fileEncoding = undefined; lastKnownFileType = unknown; explicitFileType = undefined; includeInIndex = 0; };
		7326496D12CB4819A0222AB2 /* successfully-done.json */ = {isa = PBXFileReference; name = "successfully-done.json"; path = "../assets/image/successfully-done.json"; sourceTree = "<group>"; fileEncoding = undefined; lastKnownFileType = unknown; explicitFileType = undefined; includeInIndex = 0; };
		E4E9CD33FCA1404CA9D6B1E9 /* user_placeholder.png */ = {isa = PBXFileReference; name = "user_placeholder.png"; path = "../assets/image/user_placeholder.png"; sourceTree = "<group>"; fileEncoding = undefined; lastKnownFileType = unknown; explicitFileType = undefined; includeInIndex = 0; };
		A3A2B5569A5242618759DC80 /* wallet.png */ = {isa = PBXFileReference; name = "wallet.png"; path = "../assets/image/wallet.png"; sourceTree = "<group>"; fileEncoding = undefined; lastKnownFileType = unknown; explicitFileType = undefined; includeInIndex = 0; };
		3E3EBD5BB739425686DF030F /* wallet_nav.png */ = {isa = PBXFileReference; name = "wallet_nav.png"; path = "../assets/image/wallet_nav.png"; sourceTree = "<group>"; fileEncoding = undefined; lastKnownFileType = unknown; explicitFileType = undefined; includeInIndex = 0; };
		270942C2892B437DB2002412 /* wallet_two.png */ = {isa = PBXFileReference; name = "wallet_two.png"; path = "../assets/image/wallet_two.png"; sourceTree = "<group>"; fileEncoding = undefined; lastKnownFileType = unknown; explicitFileType = undefined; includeInIndex = 0; };
		C1FB89C21C20494E892C6635 /* white_ss.png */ = {isa = PBXFileReference; name = "white_ss.png"; path = "../assets/image/white_ss.png"; sourceTree = "<group>"; fileEncoding = undefined; lastKnownFileType = unknown; explicitFileType = undefined; includeInIndex = 0; };
		2A0AA468CA0449A087EF1919 /* forgot_password.png */ = {isa = PBXFileReference; name = "forgot_password.png"; path = "../assets/image/forgot_password.png"; sourceTree = "<group>"; fileEncoding = undefined; lastKnownFileType = unknown; explicitFileType = undefined; includeInIndex = 0; };
		A6FBEFC0DA67444487FCD243 /* add_user.png */ = {isa = PBXFileReference; name = "add_user.png"; path = "../assets/image/add_user.png"; sourceTree = "<group>"; fileEncoding = undefined; lastKnownFileType = unknown; explicitFileType = undefined; includeInIndex = 0; };
		8506EB16687340B6A5D2E550 /* up_down.png */ = {isa = PBXFileReference; name = "up_down.png"; path = "../assets/image/up_down.png"; sourceTree = "<group>"; fileEncoding = undefined; lastKnownFileType = unknown; explicitFileType = undefined; includeInIndex = 0; };
/* End PBXFileReference section */

/* Begin PBXFrameworksBuildPhase section */
		00E356EB1AD99517003FC87E /* Frameworks */ = {
			isa = PBXFrameworksBuildPhase;
			buildActionMask = 2147483647;
			files = (
				7699B88040F8A987B510C191 /* libPods-Cryotos-CryotosTests.a in Frameworks */,
			);
			runOnlyForDeploymentPostprocessing = 0;
		};
		13B07F8C1A680F5B00A75B9A /* Frameworks */ = {
			isa = PBXFrameworksBuildPhase;
			buildActionMask = 2147483647;
			files = (
				0C80B921A6F3F58F76C31292 /* libPods-Cryotos.a in Frameworks */,
			);
			runOnlyForDeploymentPostprocessing = 0;
		};
/* End PBXFrameworksBuildPhase section */

/* Begin PBXGroup section */
		00E356EF1AD99517003FC87E /* CryotosTests */ = {
			isa = PBXGroup;
			children = (
				00E356F21AD99517003FC87E /* CryotosTests.m */,
				00E356F01AD99517003FC87E /* Supporting Files */,
			);
			path = CryotosTests;
			sourceTree = "<group>";
		};
		00E356F01AD99517003FC87E /* Supporting Files */ = {
			isa = PBXGroup;
			children = (
				00E356F11AD99517003FC87E /* Info.plist */,
			);
			name = "Supporting Files";
			sourceTree = "<group>";
		};
		13B07FAE1A68108700A75B9A /* Cryotos */ = {
			isa = PBXGroup;
			children = (
				13B07FAF1A68108700A75B9A /* AppDelegate.h */,
				13B07FB01A68108700A75B9A /* AppDelegate.mm */,
				13B07FB51A68108700A75B9A /* Images.xcassets */,
				13B07FB61A68108700A75B9A /* Info.plist */,
				81AB9BB72411601600AC10FF /* LaunchScreen.storyboard */,
				13B07FB71A68108700A75B9A /* main.m */,
			);
			name = Cryotos;
			sourceTree = "<group>";
		};
		2D16E6871FA4F8E400B85C8A /* Frameworks */ = {
			isa = PBXGroup;
			children = (
				ED297162215061F000B7C4FE /* JavaScriptCore.framework */,
				5DCACB8F33CDC322A6C60F78 /* libPods-Cryotos.a */,
				19F6CBCC0A4E27FBF8BF4A61 /* libPods-Cryotos-CryotosTests.a */,
			);
			name = Frameworks;
			sourceTree = "<group>";
		};
		832341AE1AAA6A7D00B99B32 /* Libraries */ = {
			isa = PBXGroup;
			children = (
			);
			name = Libraries;
			sourceTree = "<group>";
		};
		83CBB9F61A601CBA00E9B192 = {
			isa = PBXGroup;
			children = (
				13B07FAE1A68108700A75B9A /* Cryotos */,
				832341AE1AAA6A7D00B99B32 /* Libraries */,
				00E356EF1AD99517003FC87E /* CryotosTests */,
				83CBBA001A601CBA00E9B192 /* Products */,
				2D16E6871FA4F8E400B85C8A /* Frameworks */,
				BBD78D7AC51CEA395F1C20DB /* Pods */,
				D4BE1AC2BAB3456E809E29F6 /* Resources */,
			);
			indentWidth = 2;
			sourceTree = "<group>";
			tabWidth = 2;
			usesTabs = 0;
		};
		83CBBA001A601CBA00E9B192 /* Products */ = {
			isa = PBXGroup;
			children = (
				13B07F961A680F5B00A75B9A /* Cryotos.app */,
				00E356EE1AD99517003FC87E /* CryotosTests.xctest */,
			);
			name = Products;
			sourceTree = "<group>";
		};
		BBD78D7AC51CEA395F1C20DB /* Pods */ = {
			isa = PBXGroup;
			children = (
				3B4392A12AC88292D35C810B /* Pods-Cryotos.debug.xcconfig */,
				5709B34CF0A7D63546082F79 /* Pods-Cryotos.release.xcconfig */,
				5B7EB9410499542E8C5724F5 /* Pods-Cryotos-CryotosTests.debug.xcconfig */,
				89C6BE57DB24E9ADA2F236DE /* Pods-Cryotos-CryotosTests.release.xcconfig */,
			);
			path = Pods;
			sourceTree = "<group>";
		};
		D4BE1AC2BAB3456E809E29F6 /* Resources */ = {
			isa = "PBXGroup";
			children = (
				9EEDC46D657542BD8B93635A /* Jost-Black.ttf */,
				05AF9A6E2BE3423E865FDFEE /* Jost-Bold.ttf */,
				78A3E1920CA843AE8831EB9A /* Jost-ExtraBold.ttf */,
				8A1BBFBA10F14A3B85CE4241 /* Jost-ExtraLight.ttf */,
				6A17C3CAAE49403F9A4D94F0 /* Jost-Light.ttf */,
				4FF23CBCDE8F4022AB8D29D7 /* Jost-Medium.ttf */,
				EB4D70E5685E48B6AE96D895 /* Jost-Regular.ttf */,
				41197EB493764A0A87D285E9 /* Jost-SemiBold.ttf */,
				F4F39B9EBD2E4756921E1035 /* Jost-Thin.ttf */,
				65F9C47682B84F0CAB6D7CC7 /* account_background.png */,
				54D3C70EB28444ABB582B9EF /* back_arrow.png */,
				38529D850F344E4ABEB5547B /* back_one.png */,
				6751C9AA17B14AFF972AB923 /* bitcoin.png */,
				8FC9386721D3450F846DCF5C /* bitcoin_image.jpg */,
				BF3892503672468086697A60 /* chart.png */,
				B63B405BF3494BEC9AD66844 /* circle.png */,
				A9E6EC7D4D8644EB9820764C /* circle_org.png */,
				7B3B2CE2CD8347949FD977A9 /* google.png */,
				1DAE404E1C8D4B24AB329D5D /* home.png */,
				F379C2C9AD8C4713A1B6BE64 /* logo.png */,
				FDEAB86A6D1643BF9FC084A4 /* menu.png */,
				09D0AADDFF7F49E4A1ADD5F7 /* menu_white.png */,
				5D5825A5C2F44C56B480A62C /* notification.png */,
				9C861A53342E47A0B7623E2C /* notification_white.png */,
				6799F4D6998C4DD6A7019108 /* notification_white50.png */,
				D0A402A29AF04417927962D5 /* o_one.png */,
				DCEA73B343C04125BFF1F5BC /* o_three.png */,
				9705628D4E50458BB3E6BD4F /* o_two.png */,
				E8E8F726797F47A08ED2D287 /* onboarding.png */,
				365B8983E046459C95F50727 /* person.jpeg */,
				60DCE23199E041B2B6F33785 /* profile.png */,
				54C31D6521B54CF187FD439A /* round_bg.png */,
				54AAAA7737B74C9BABDF29B1 /* search.png */,
				B766774090814BDC87755F5A /* search_white.png */,
				BA42D70E53E14F75A92849EA /* shield.png */,
				B2C62B62CDCF4B17867FBA02 /* splashscreen.png */,
				7326496D12CB4819A0222AB2 /* successfully-done.json */,
				E4E9CD33FCA1404CA9D6B1E9 /* user_placeholder.png */,
				A3A2B5569A5242618759DC80 /* wallet.png */,
				3E3EBD5BB739425686DF030F /* wallet_nav.png */,
				270942C2892B437DB2002412 /* wallet_two.png */,
				C1FB89C21C20494E892C6635 /* white_ss.png */,
				2A0AA468CA0449A087EF1919 /* forgot_password.png */,
				A6FBEFC0DA67444487FCD243 /* add_user.png */,
				8506EB16687340B6A5D2E550 /* up_down.png */,
			);
			name = Resources;
			sourceTree = "<group>";
			path = "";
		};
/* End PBXGroup section */

/* Begin PBXNativeTarget section */
		00E356ED1AD99517003FC87E /* CryotosTests */ = {
			isa = PBXNativeTarget;
			buildConfigurationList = 00E357021AD99517003FC87E /* Build configuration list for PBXNativeTarget "CryotosTests" */;
			buildPhases = (
				A55EABD7B0C7F3A422A6CC61 /* [CP] Check Pods Manifest.lock */,
				00E356EA1AD99517003FC87E /* Sources */,
				00E356EB1AD99517003FC87E /* Frameworks */,
				00E356EC1AD99517003FC87E /* Resources */,
				C59DA0FBD6956966B86A3779 /* [CP] Embed Pods Frameworks */,
				F6A41C54EA430FDDC6A6ED99 /* [CP] Copy Pods Resources */,
			);
			buildRules = (
			);
			dependencies = (
				00E356F51AD99517003FC87E /* PBXTargetDependency */,
			);
			name = CryotosTests;
			productName = CryotosTests;
			productReference = 00E356EE1AD99517003FC87E /* CryotosTests.xctest */;
			productType = "com.apple.product-type.bundle.unit-test";
		};
		13B07F861A680F5B00A75B9A /* Cryotos */ = {
			isa = PBXNativeTarget;
			buildConfigurationList = 13B07F931A680F5B00A75B9A /* Build configuration list for PBXNativeTarget "Cryotos" */;
			buildPhases = (
				C38B50BA6285516D6DCD4F65 /* [CP] Check Pods Manifest.lock */,
				FD10A7F022414F080027D42C /* Start Packager */,
				13B07F871A680F5B00A75B9A /* Sources */,
				13B07F8C1A680F5B00A75B9A /* Frameworks */,
				13B07F8E1A680F5B00A75B9A /* Resources */,
				00DD1BFF1BD5951E006B06BC /* Bundle React Native code and images */,
				00EEFC60759A1932668264C0 /* [CP] Embed Pods Frameworks */,
				E235C05ADACE081382539298 /* [CP] Copy Pods Resources */,
			);
			buildRules = (
			);
			dependencies = (
			);
			name = Cryotos;
			productName = Cryotos;
			productReference = 13B07F961A680F5B00A75B9A /* Cryotos.app */;
			productType = "com.apple.product-type.application";
		};
/* End PBXNativeTarget section */

/* Begin PBXProject section */
		83CBB9F71A601CBA00E9B192 /* Project object */ = {
			isa = PBXProject;
			attributes = {
				LastUpgradeCheck = 1210;
				TargetAttributes = {
					00E356ED1AD99517003FC87E = {
						CreatedOnToolsVersion = 6.2;
						TestTargetID = 13B07F861A680F5B00A75B9A;
					};
					13B07F861A680F5B00A75B9A = {
						LastSwiftMigration = 1120;
					};
				};
			};
			buildConfigurationList = 83CBB9FA1A601CBA00E9B192 /* Build configuration list for PBXProject "Cryotos" */;
			compatibilityVersion = "Xcode 12.0";
			developmentRegion = en;
			hasScannedForEncodings = 0;
			knownRegions = (
				en,
				Base,
			);
			mainGroup = 83CBB9F61A601CBA00E9B192;
			productRefGroup = 83CBBA001A601CBA00E9B192 /* Products */;
			projectDirPath = "";
			projectRoot = "";
			targets = (
				13B07F861A680F5B00A75B9A /* Cryotos */,
				00E356ED1AD99517003FC87E /* CryotosTests */,
			);
		};
/* End PBXProject section */

/* Begin PBXResourcesBuildPhase section */
		00E356EC1AD99517003FC87E /* Resources */ = {
			isa = PBXResourcesBuildPhase;
			buildActionMask = 2147483647;
			files = (
			);
			runOnlyForDeploymentPostprocessing = 0;
		};
		13B07F8E1A680F5B00A75B9A /* Resources */ = {
			isa = PBXResourcesBuildPhase;
			buildActionMask = 2147483647;
			files = (
				81AB9BB82411601600AC10FF /* LaunchScreen.storyboard in Resources */,
				13B07FBF1A68108700A75B9A /* Images.xcassets in Resources */,
				840D0F0D13FD468AA3AC9B79 /* Jost-Black.ttf in Resources */,
				5ED34E5C78BC414BB3DF7E79 /* Jost-Bold.ttf in Resources */,
				A560A65F9F6946879B38E13D /* Jost-ExtraBold.ttf in Resources */,
				4080270722334E4592038D7A /* Jost-ExtraLight.ttf in Resources */,
				6D3B9BBC839943339BD274A8 /* Jost-Light.ttf in Resources */,
				E95597186FAA4D91BA580679 /* Jost-Medium.ttf in Resources */,
				F6B9E26AAEC245F8996A8373 /* Jost-Regular.ttf in Resources */,
				D4C01EF861484E21A670F693 /* Jost-SemiBold.ttf in Resources */,
				B7269C57382B41E3AF777BAF /* Jost-Thin.ttf in Resources */,
				CDF138B40BD74E4BBC0A7736 /* account_background.png in Resources */,
				6B39E42894A540439E2C3E9E /* back_arrow.png in Resources */,
				846BDA2FD91D42B4AF3B4ACF /* back_one.png in Resources */,
				E8EFAB984E714053A910D631 /* bitcoin.png in Resources */,
				3EE40FA604934DF4ADD5F4AD /* bitcoin_image.jpg in Resources */,
				2260B39B6559412B8B7E8C6E /* chart.png in Resources */,
				B181C31EC9314934BB0DED04 /* circle.png in Resources */,
				8629FB244140408D830048C1 /* circle_org.png in Resources */,
				35E8A95F16F9400A995555C5 /* google.png in Resources */,
				055F731D15DA4624A2EB33B1 /* home.png in Resources */,
				8BE8188DD15E4770882C05B2 /* logo.png in Resources */,
				C729F9EAADF3416EB7901E3D /* menu.png in Resources */,
				0DC20F12FE534699BF1D4BFC /* menu_white.png in Resources */,
				44F1896F0B3E4A5E934B467F /* notification.png in Resources */,
				EED59A7DE8664CB9BD742C5C /* notification_white.png in Resources */,
				D8CF1A498D0F45899A3B9847 /* notification_white50.png in Resources */,
				E45E7C7F757C4E7886AEB5F7 /* o_one.png in Resources */,
				02FA71A9A0EE4D3995631B0C /* o_three.png in Resources */,
				EC5475F9C7A34F97A5AC2A01 /* o_two.png in Resources */,
				9F516CFDB8E548BB9E458DC9 /* onboarding.png in Resources */,
				A79FF7DCA3D44677BD2D23C3 /* person.jpeg in Resources */,
				D44BF0BF525B419483A218D3 /* profile.png in Resources */,
				BBF2CEE4228240BEAE006381 /* round_bg.png in Resources */,
				B3D1BCD189724AF8863B54FC /* search.png in Resources */,
				47F3FF63B8A6487A97A7F925 /* search_white.png in Resources */,
				02DAEC0A24D74C58ABC6855B /* shield.png in Resources */,
				487D231AD84C414DA0192A79 /* splashscreen.png in Resources */,
				F731AE22897A492181FB4B2C /* successfully-done.json in Resources */,
				9F5BA154976A419EA2E2D481 /* user_placeholder.png in Resources */,
				244C1A1769624B3D80077D10 /* wallet.png in Resources */,
				5BE32A80DE304A4D842D1F2E /* wallet_nav.png in Resources */,
				CD7FA99D9E5849A6AE0F62FE /* wallet_two.png in Resources */,
				C5C5DFC5C21647EA9CAD93D4 /* white_ss.png in Resources */,
				7C25A1AC71AC46C1BE947003 /* forgot_password.png in Resources */,
				2745F545FE734DC3843CC475 /* add_user.png in Resources */,
				A47AFA92D52B426BB9D146DA /* up_down.png in Resources */,
			);
			runOnlyForDeploymentPostprocessing = 0;
		};
/* End PBXResourcesBuildPhase section */

/* Begin PBXShellScriptBuildPhase section */
		00DD1BFF1BD5951E006B06BC /* Bundle React Native code and images */ = {
			isa = PBXShellScriptBuildPhase;
			buildActionMask = 2147483647;
			files = (
			);
			inputPaths = (
				"$(SRCROOT)/.xcode.env.local",
				"$(SRCROOT)/.xcode.env",
			);
			name = "Bundle React Native code and images";
			outputPaths = (
			);
			runOnlyForDeploymentPostprocessing = 0;
			shellPath = /bin/sh;
			shellScript = "set -e\n\nWITH_ENVIRONMENT=\"../node_modules/react-native/scripts/xcode/with-environment.sh\"\nREACT_NATIVE_XCODE=\"../node_modules/react-native/scripts/react-native-xcode.sh\"\n\n/bin/sh -c \"$WITH_ENVIRONMENT $REACT_NATIVE_XCODE\"\n";
		};
		00EEFC60759A1932668264C0 /* [CP] Embed Pods Frameworks */ = {
			isa = PBXShellScriptBuildPhase;
			buildActionMask = 2147483647;
			files = (
			);
			inputFileListPaths = (
				"${PODS_ROOT}/Target Support Files/Pods-Cryotos/Pods-Cryotos-frameworks-${CONFIGURATION}-input-files.xcfilelist",
			);
			name = "[CP] Embed Pods Frameworks";
			outputFileListPaths = (
				"${PODS_ROOT}/Target Support Files/Pods-Cryotos/Pods-Cryotos-frameworks-${CONFIGURATION}-output-files.xcfilelist",
			);
			runOnlyForDeploymentPostprocessing = 0;
			shellPath = /bin/sh;
			shellScript = "\"${PODS_ROOT}/Target Support Files/Pods-Cryotos/Pods-Cryotos-frameworks.sh\"\n";
			showEnvVarsInLog = 0;
		};
		A55EABD7B0C7F3A422A6CC61 /* [CP] Check Pods Manifest.lock */ = {
			isa = PBXShellScriptBuildPhase;
			buildActionMask = 2147483647;
			files = (
			);
			inputFileListPaths = (
			);
			inputPaths = (
				"${PODS_PODFILE_DIR_PATH}/Podfile.lock",
				"${PODS_ROOT}/Manifest.lock",
			);
			name = "[CP] Check Pods Manifest.lock";
			outputFileListPaths = (
			);
			outputPaths = (
				"$(DERIVED_FILE_DIR)/Pods-Cryotos-CryotosTests-checkManifestLockResult.txt",
			);
			runOnlyForDeploymentPostprocessing = 0;
			shellPath = /bin/sh;
			shellScript = "diff \"${PODS_PODFILE_DIR_PATH}/Podfile.lock\" \"${PODS_ROOT}/Manifest.lock\" > /dev/null\nif [ $? != 0 ] ; then\n    # print error to STDERR\n    echo \"error: The sandbox is not in sync with the Podfile.lock. Run 'pod install' or update your CocoaPods installation.\" >&2\n    exit 1\nfi\n# This output is used by Xcode 'outputs' to avoid re-running this script phase.\necho \"SUCCESS\" > \"${SCRIPT_OUTPUT_FILE_0}\"\n";
			showEnvVarsInLog = 0;
		};
		C38B50BA6285516D6DCD4F65 /* [CP] Check Pods Manifest.lock */ = {
			isa = PBXShellScriptBuildPhase;
			buildActionMask = 2147483647;
			files = (
			);
			inputFileListPaths = (
			);
			inputPaths = (
				"${PODS_PODFILE_DIR_PATH}/Podfile.lock",
				"${PODS_ROOT}/Manifest.lock",
			);
			name = "[CP] Check Pods Manifest.lock";
			outputFileListPaths = (
			);
			outputPaths = (
				"$(DERIVED_FILE_DIR)/Pods-Cryotos-checkManifestLockResult.txt",
			);
			runOnlyForDeploymentPostprocessing = 0;
			shellPath = /bin/sh;
			shellScript = "diff \"${PODS_PODFILE_DIR_PATH}/Podfile.lock\" \"${PODS_ROOT}/Manifest.lock\" > /dev/null\nif [ $? != 0 ] ; then\n    # print error to STDERR\n    echo \"error: The sandbox is not in sync with the Podfile.lock. Run 'pod install' or update your CocoaPods installation.\" >&2\n    exit 1\nfi\n# This output is used by Xcode 'outputs' to avoid re-running this script phase.\necho \"SUCCESS\" > \"${SCRIPT_OUTPUT_FILE_0}\"\n";
			showEnvVarsInLog = 0;
		};
		C59DA0FBD6956966B86A3779 /* [CP] Embed Pods Frameworks */ = {
			isa = PBXShellScriptBuildPhase;
			buildActionMask = 2147483647;
			files = (
			);
			inputFileListPaths = (
				"${PODS_ROOT}/Target Support Files/Pods-Cryotos-CryotosTests/Pods-Cryotos-CryotosTests-frameworks-${CONFIGURATION}-input-files.xcfilelist",
			);
			name = "[CP] Embed Pods Frameworks";
			outputFileListPaths = (
				"${PODS_ROOT}/Target Support Files/Pods-Cryotos-CryotosTests/Pods-Cryotos-CryotosTests-frameworks-${CONFIGURATION}-output-files.xcfilelist",
			);
			runOnlyForDeploymentPostprocessing = 0;
			shellPath = /bin/sh;
			shellScript = "\"${PODS_ROOT}/Target Support Files/Pods-Cryotos-CryotosTests/Pods-Cryotos-CryotosTests-frameworks.sh\"\n";
			showEnvVarsInLog = 0;
		};
		E235C05ADACE081382539298 /* [CP] Copy Pods Resources */ = {
			isa = PBXShellScriptBuildPhase;
			buildActionMask = 2147483647;
			files = (
			);
			inputFileListPaths = (
				"${PODS_ROOT}/Target Support Files/Pods-Cryotos/Pods-Cryotos-resources-${CONFIGURATION}-input-files.xcfilelist",
			);
			name = "[CP] Copy Pods Resources";
			outputFileListPaths = (
				"${PODS_ROOT}/Target Support Files/Pods-Cryotos/Pods-Cryotos-resources-${CONFIGURATION}-output-files.xcfilelist",
			);
			runOnlyForDeploymentPostprocessing = 0;
			shellPath = /bin/sh;
			shellScript = "\"${PODS_ROOT}/Target Support Files/Pods-Cryotos/Pods-Cryotos-resources.sh\"\n";
			showEnvVarsInLog = 0;
		};
		F6A41C54EA430FDDC6A6ED99 /* [CP] Copy Pods Resources */ = {
			isa = PBXShellScriptBuildPhase;
			buildActionMask = 2147483647;
			files = (
			);
			inputFileListPaths = (
				"${PODS_ROOT}/Target Support Files/Pods-Cryotos-CryotosTests/Pods-Cryotos-CryotosTests-resources-${CONFIGURATION}-input-files.xcfilelist",
			);
			name = "[CP] Copy Pods Resources";
			outputFileListPaths = (
				"${PODS_ROOT}/Target Support Files/Pods-Cryotos-CryotosTests/Pods-Cryotos-CryotosTests-resources-${CONFIGURATION}-output-files.xcfilelist",
			);
			runOnlyForDeploymentPostprocessing = 0;
			shellPath = /bin/sh;
			shellScript = "\"${PODS_ROOT}/Target Support Files/Pods-Cryotos-CryotosTests/Pods-Cryotos-CryotosTests-resources.sh\"\n";
			showEnvVarsInLog = 0;
		};
		FD10A7F022414F080027D42C /* Start Packager */ = {
			isa = PBXShellScriptBuildPhase;
			buildActionMask = 2147483647;
			files = (
			);
			inputFileListPaths = (
			);
			inputPaths = (
			);
			name = "Start Packager";
			outputFileListPaths = (
			);
			outputPaths = (
			);
			runOnlyForDeploymentPostprocessing = 0;
			shellPath = /bin/sh;
			shellScript = "export RCT_METRO_PORT=\"${RCT_METRO_PORT:=8081}\"\necho \"export RCT_METRO_PORT=${RCT_METRO_PORT}\" > \"${SRCROOT}/../node_modules/react-native/scripts/.packager.env\"\nif [ -z \"${RCT_NO_LAUNCH_PACKAGER+xxx}\" ] ; then\n  if nc -w 5 -z localhost ${RCT_METRO_PORT} ; then\n    if ! curl -s \"http://localhost:${RCT_METRO_PORT}/status\" | grep -q \"packager-status:running\" ; then\n      echo \"Port ${RCT_METRO_PORT} already in use, packager is either not running or not running correctly\"\n      exit 2\n    fi\n  else\n    open \"$SRCROOT/../node_modules/react-native/scripts/launchPackager.command\" || echo \"Can't start packager automatically\"\n  fi\nfi\n";
			showEnvVarsInLog = 0;
		};
/* End PBXShellScriptBuildPhase section */

/* Begin PBXSourcesBuildPhase section */
		00E356EA1AD99517003FC87E /* Sources */ = {
			isa = PBXSourcesBuildPhase;
			buildActionMask = 2147483647;
			files = (
				00E356F31AD99517003FC87E /* CryotosTests.m in Sources */,
			);
			runOnlyForDeploymentPostprocessing = 0;
		};
		13B07F871A680F5B00A75B9A /* Sources */ = {
			isa = PBXSourcesBuildPhase;
			buildActionMask = 2147483647;
			files = (
				13B07FBC1A68108700A75B9A /* AppDelegate.mm in Sources */,
				13B07FC11A68108700A75B9A /* main.m in Sources */,
			);
			runOnlyForDeploymentPostprocessing = 0;
		};
/* End PBXSourcesBuildPhase section */

/* Begin PBXTargetDependency section */
		00E356F51AD99517003FC87E /* PBXTargetDependency */ = {
			isa = PBXTargetDependency;
			target = 13B07F861A680F5B00A75B9A /* Cryotos */;
			targetProxy = 00E356F41AD99517003FC87E /* PBXContainerItemProxy */;
		};
/* End PBXTargetDependency section */

/* Begin XCBuildConfiguration section */
		00E356F61AD99517003FC87E /* Debug */ = {
			isa = XCBuildConfiguration;
			baseConfigurationReference = 5B7EB9410499542E8C5724F5 /* Pods-Cryotos-CryotosTests.debug.xcconfig */;
			buildSettings = {
				BUNDLE_LOADER = "$(TEST_HOST)";
				GCC_PREPROCESSOR_DEFINITIONS = (
					"DEBUG=1",
					"$(inherited)",
				);
				INFOPLIST_FILE = CryotosTests/Info.plist;
				IPHONEOS_DEPLOYMENT_TARGET = 12.4;
				LD_RUNPATH_SEARCH_PATHS = (
					"$(inherited)",
					"@executable_path/Frameworks",
					"@loader_path/Frameworks",
				);
				OTHER_LDFLAGS = (
					"-ObjC",
					"-lc++",
					"$(inherited)",
				);
				PRODUCT_BUNDLE_IDENTIFIER = "org.reactjs.native.example.$(PRODUCT_NAME:rfc1034identifier)";
				PRODUCT_NAME = "$(TARGET_NAME)";
				TEST_HOST = "$(BUILT_PRODUCTS_DIR)/Cryotos.app/Cryotos";
			};
			name = Debug;
		};
		00E356F71AD99517003FC87E /* Release */ = {
			isa = XCBuildConfiguration;
			baseConfigurationReference = 89C6BE57DB24E9ADA2F236DE /* Pods-Cryotos-CryotosTests.release.xcconfig */;
			buildSettings = {
				BUNDLE_LOADER = "$(TEST_HOST)";
				COPY_PHASE_STRIP = NO;
				INFOPLIST_FILE = CryotosTests/Info.plist;
				IPHONEOS_DEPLOYMENT_TARGET = 12.4;
				LD_RUNPATH_SEARCH_PATHS = (
					"$(inherited)",
					"@executable_path/Frameworks",
					"@loader_path/Frameworks",
				);
				OTHER_LDFLAGS = (
					"-ObjC",
					"-lc++",
					"$(inherited)",
				);
				PRODUCT_BUNDLE_IDENTIFIER = "org.reactjs.native.example.$(PRODUCT_NAME:rfc1034identifier)";
				PRODUCT_NAME = "$(TARGET_NAME)";
				TEST_HOST = "$(BUILT_PRODUCTS_DIR)/Cryotos.app/Cryotos";
			};
			name = Release;
		};
		13B07F941A680F5B00A75B9A /* Debug */ = {
			isa = XCBuildConfiguration;
			baseConfigurationReference = 3B4392A12AC88292D35C810B /* Pods-Cryotos.debug.xcconfig */;
			buildSettings = {
				ASSETCATALOG_COMPILER_APPICON_NAME = AppIcon;
				CLANG_ENABLE_MODULES = YES;
				CURRENT_PROJECT_VERSION = 1;
				ENABLE_BITCODE = NO;
				INFOPLIST_FILE = Cryotos/Info.plist;
				LD_RUNPATH_SEARCH_PATHS = (
					"$(inherited)",
					"@executable_path/Frameworks",
				);
				MARKETING_VERSION = 1.0;
				OTHER_LDFLAGS = (
					"$(inherited)",
					"-ObjC",
					"-lc++",
				);
				PRODUCT_BUNDLE_IDENTIFIER = "org.reactjs.native.example.$(PRODUCT_NAME:rfc1034identifier)";
				PRODUCT_NAME = Cryotos;
				SWIFT_OPTIMIZATION_LEVEL = "-Onone";
				SWIFT_VERSION = 5.0;
				VERSIONING_SYSTEM = "apple-generic";
			};
			name = Debug;
		};
		13B07F951A680F5B00A75B9A /* Release */ = {
			isa = XCBuildConfiguration;
			baseConfigurationReference = 5709B34CF0A7D63546082F79 /* Pods-Cryotos.release.xcconfig */;
			buildSettings = {
				ASSETCATALOG_COMPILER_APPICON_NAME = AppIcon;
				CLANG_ENABLE_MODULES = YES;
				CURRENT_PROJECT_VERSION = 1;
				INFOPLIST_FILE = Cryotos/Info.plist;
				LD_RUNPATH_SEARCH_PATHS = (
					"$(inherited)",
					"@executable_path/Frameworks",
				);
				MARKETING_VERSION = 1.0;
				OTHER_LDFLAGS = (
					"$(inherited)",
					"-ObjC",
					"-lc++",
				);
				PRODUCT_BUNDLE_IDENTIFIER = "org.reactjs.native.example.$(PRODUCT_NAME:rfc1034identifier)";
				PRODUCT_NAME = Cryotos;
				SWIFT_VERSION = 5.0;
				VERSIONING_SYSTEM = "apple-generic";
			};
			name = Release;
		};
		83CBBA201A601CBA00E9B192 /* Debug */ = {
			isa = XCBuildConfiguration;
			buildSettings = {
				ALWAYS_SEARCH_USER_PATHS = NO;
				CLANG_ANALYZER_LOCALIZABILITY_NONLOCALIZED = YES;
				CLANG_CXX_LANGUAGE_STANDARD = "c++17";
				CLANG_CXX_LIBRARY = "libc++";
				CLANG_ENABLE_MODULES = YES;
				CLANG_ENABLE_OBJC_ARC = YES;
				CLANG_WARN_BLOCK_CAPTURE_AUTORELEASING = YES;
				CLANG_WARN_BOOL_CONVERSION = YES;
				CLANG_WARN_COMMA = YES;
				CLANG_WARN_CONSTANT_CONVERSION = YES;
				CLANG_WARN_DEPRECATED_OBJC_IMPLEMENTATIONS = YES;
				CLANG_WARN_DIRECT_OBJC_ISA_USAGE = YES_ERROR;
				CLANG_WARN_EMPTY_BODY = YES;
				CLANG_WARN_ENUM_CONVERSION = YES;
				CLANG_WARN_INFINITE_RECURSION = YES;
				CLANG_WARN_INT_CONVERSION = YES;
				CLANG_WARN_NON_LITERAL_NULL_CONVERSION = YES;
				CLANG_WARN_OBJC_IMPLICIT_RETAIN_SELF = YES;
				CLANG_WARN_OBJC_LITERAL_CONVERSION = YES;
				CLANG_WARN_OBJC_ROOT_CLASS = YES_ERROR;
				CLANG_WARN_QUOTED_INCLUDE_IN_FRAMEWORK_HEADER = YES;
				CLANG_WARN_RANGE_LOOP_ANALYSIS = YES;
				CLANG_WARN_STRICT_PROTOTYPES = YES;
				CLANG_WARN_SUSPICIOUS_MOVE = YES;
				CLANG_WARN_UNREACHABLE_CODE = YES;
				CLANG_WARN__DUPLICATE_METHOD_MATCH = YES;
				"CODE_SIGN_IDENTITY[sdk=iphoneos*]" = "iPhone Developer";
				COPY_PHASE_STRIP = NO;
				ENABLE_STRICT_OBJC_MSGSEND = YES;
				ENABLE_TESTABILITY = YES;
				"EXCLUDED_ARCHS[sdk=iphonesimulator*]" = "";
				GCC_C_LANGUAGE_STANDARD = gnu99;
				GCC_DYNAMIC_NO_PIC = NO;
				GCC_NO_COMMON_BLOCKS = YES;
				GCC_OPTIMIZATION_LEVEL = 0;
				GCC_PREPROCESSOR_DEFINITIONS = (
					"DEBUG=1",
					"$(inherited)",
				);
				GCC_SYMBOLS_PRIVATE_EXTERN = NO;
				GCC_WARN_64_TO_32_BIT_CONVERSION = YES;
				GCC_WARN_ABOUT_RETURN_TYPE = YES_ERROR;
				GCC_WARN_UNDECLARED_SELECTOR = YES;
				GCC_WARN_UNINITIALIZED_AUTOS = YES_AGGRESSIVE;
				GCC_WARN_UNUSED_FUNCTION = YES;
				GCC_WARN_UNUSED_VARIABLE = YES;
				IPHONEOS_DEPLOYMENT_TARGET = 12.4;
				LD_RUNPATH_SEARCH_PATHS = (
					/usr/lib/swift,
					"$(inherited)",
				);
				LIBRARY_SEARCH_PATHS = (
					"\"$(SDKROOT)/usr/lib/swift\"",
					"\"$(TOOLCHAIN_DIR)/usr/lib/swift/$(PLATFORM_NAME)\"",
					"\"$(inherited)\"",
				);
				MTL_ENABLE_DEBUG_INFO = YES;
				ONLY_ACTIVE_ARCH = YES;
				OTHER_CPLUSPLUSFLAGS = (
					"$(OTHER_CFLAGS)",
					"-DFOLLY_NO_CONFIG",
					"-DFOLLY_MOBILE=1",
					"-DFOLLY_USE_LIBCPP=1",
				);
				SDKROOT = iphoneos;
			};
			name = Debug;
		};
		83CBBA211A601CBA00E9B192 /* Release */ = {
			isa = XCBuildConfiguration;
			buildSettings = {
				ALWAYS_SEARCH_USER_PATHS = NO;
				CLANG_ANALYZER_LOCALIZABILITY_NONLOCALIZED = YES;
				CLANG_CXX_LANGUAGE_STANDARD = "c++17";
				CLANG_CXX_LIBRARY = "libc++";
				CLANG_ENABLE_MODULES = YES;
				CLANG_ENABLE_OBJC_ARC = YES;
				CLANG_WARN_BLOCK_CAPTURE_AUTORELEASING = YES;
				CLANG_WARN_BOOL_CONVERSION = YES;
				CLANG_WARN_COMMA = YES;
				CLANG_WARN_CONSTANT_CONVERSION = YES;
				CLANG_WARN_DEPRECATED_OBJC_IMPLEMENTATIONS = YES;
				CLANG_WARN_DIRECT_OBJC_ISA_USAGE = YES_ERROR;
				CLANG_WARN_EMPTY_BODY = YES;
				CLANG_WARN_ENUM_CONVERSION = YES;
				CLANG_WARN_INFINITE_RECURSION = YES;
				CLANG_WARN_INT_CONVERSION = YES;
				CLANG_WARN_NON_LITERAL_NULL_CONVERSION = YES;
				CLANG_WARN_OBJC_IMPLICIT_RETAIN_SELF = YES;
				CLANG_WARN_OBJC_LITERAL_CONVERSION = YES;
				CLANG_WARN_OBJC_ROOT_CLASS = YES_ERROR;
				CLANG_WARN_QUOTED_INCLUDE_IN_FRAMEWORK_HEADER = YES;
				CLANG_WARN_RANGE_LOOP_ANALYSIS = YES;
				CLANG_WARN_STRICT_PROTOTYPES = YES;
				CLANG_WARN_SUSPICIOUS_MOVE = YES;
				CLANG_WARN_UNREACHABLE_CODE = YES;
				CLANG_WARN__DUPLICATE_METHOD_MATCH = YES;
				"CODE_SIGN_IDENTITY[sdk=iphoneos*]" = "iPhone Developer";
				COPY_PHASE_STRIP = YES;
				ENABLE_NS_ASSERTIONS = NO;
				ENABLE_STRICT_OBJC_MSGSEND = YES;
				"EXCLUDED_ARCHS[sdk=iphonesimulator*]" = "";
				GCC_C_LANGUAGE_STANDARD = gnu99;
				GCC_NO_COMMON_BLOCKS = YES;
				GCC_WARN_64_TO_32_BIT_CONVERSION = YES;
				GCC_WARN_ABOUT_RETURN_TYPE = YES_ERROR;
				GCC_WARN_UNDECLARED_SELECTOR = YES;
				GCC_WARN_UNINITIALIZED_AUTOS = YES_AGGRESSIVE;
				GCC_WARN_UNUSED_FUNCTION = YES;
				GCC_WARN_UNUSED_VARIABLE = YES;
				IPHONEOS_DEPLOYMENT_TARGET = 12.4;
				LD_RUNPATH_SEARCH_PATHS = (
					/usr/lib/swift,
					"$(inherited)",
				);
				LIBRARY_SEARCH_PATHS = (
					"\"$(SDKROOT)/usr/lib/swift\"",
					"\"$(TOOLCHAIN_DIR)/usr/lib/swift/$(PLATFORM_NAME)\"",
					"\"$(inherited)\"",
				);
				MTL_ENABLE_DEBUG_INFO = NO;
				OTHER_CPLUSPLUSFLAGS = (
					"$(OTHER_CFLAGS)",
					"-DFOLLY_NO_CONFIG",
					"-DFOLLY_MOBILE=1",
					"-DFOLLY_USE_LIBCPP=1",
				);
				SDKROOT = iphoneos;
				VALIDATE_PRODUCT = YES;
			};
			name = Release;
		};
/* End XCBuildConfiguration section */

/* Begin XCConfigurationList section */
		00E357021AD99517003FC87E /* Build configuration list for PBXNativeTarget "CryotosTests" */ = {
			isa = XCConfigurationList;
			buildConfigurations = (
				00E356F61AD99517003FC87E /* Debug */,
				00E356F71AD99517003FC87E /* Release */,
			);
			defaultConfigurationIsVisible = 0;
			defaultConfigurationName = Release;
		};
		13B07F931A680F5B00A75B9A /* Build configuration list for PBXNativeTarget "Cryotos" */ = {
			isa = XCConfigurationList;
			buildConfigurations = (
				13B07F941A680F5B00A75B9A /* Debug */,
				13B07F951A680F5B00A75B9A /* Release */,
			);
			defaultConfigurationIsVisible = 0;
			defaultConfigurationName = Release;
		};
		83CBB9FA1A601CBA00E9B192 /* Build configuration list for PBXProject "Cryotos" */ = {
			isa = XCConfigurationList;
			buildConfigurations = (
				83CBBA201A601CBA00E9B192 /* Debug */,
				83CBBA211A601CBA00E9B192 /* Release */,
			);
			defaultConfigurationIsVisible = 0;
			defaultConfigurationName = Release;
		};
/* End XCConfigurationList section */
	};
	rootObject = 83CBB9F71A601CBA00E9B192 /* Project object */;
}
